
Microsoft Visual Studio Solution File, Format Version 12.00
# Visual Studio Version 16
VisualStudioVersion = 16.0.31105.61
MinimumVisualStudioVersion = 10.0.40219.1
Project("{FAE04EC0-301F-11D3-BF4B-00C04F79EFBC}") = "Entidades", "Entidades\Entidades.csproj", "{0395D9DC-E938-4D2D-B2D3-8C8158570C9D}"
EndProject
Project("{FAE04EC0-301F-11D3-BF4B-00C04F79EFBC}") = "Test Consola", "Test Consola\Test Consola.csproj", "{EE5255BE-AC2B-4C0C-8BD1-741B053A03AA}"
EndProject
Project("{FAE04EC0-301F-11D3-BF4B-00C04F79EFBC}") = "TestsUnitarios", "TestsUnitarios\TestsUnitarios.csproj", "{8EF30077-FFD1-4BD9-A3AC-F10E72B4F2E1}"
EndProject
Global
	GlobalSection(SolutionConfigurationPlatforms) = preSolution
		Debug|Any CPU = Debug|Any CPU
		Release|Any CPU = Release|Any CPU
	EndGlobalSection
	GlobalSection(ProjectConfigurationPlatforms) = postSolution
		{0395D9DC-E938-4D2D-B2D3-8C8158570C9D}.Debug|Any CPU.ActiveCfg = Debug|Any CPU
		{0395D9DC-E938-4D2D-B2D3-8C8158570C9D}.Debug|Any CPU.Build.0 = Debug|Any CPU
		{0395D9DC-E938-4D2D-B2D3-8C8158570C9D}.Release|Any CPU.ActiveCfg = Release|Any CPU
		{0395D9DC-E938-4D2D-B2D3-8C8158570C9D}.Release|Any CPU.Build.0 = Release|Any CPU
		{EE5255BE-AC2B-4C0C-8BD1-741B053A03AA}.Debug|Any CPU.ActiveCfg = Debug|Any CPU
		{EE5255BE-AC2B-4C0C-8BD1-741B053A03AA}.Debug|Any CPU.Build.0 = Debug|Any CPU
		{EE5255BE-AC2B-4C0C-8BD1-741B053A03AA}.Release|Any CPU.ActiveCfg = Release|Any CPU
		{EE5255BE-AC2B-4C0C-8BD1-741B053A03AA}.Release|Any CPU.Build.0 = Release|Any CPU
		{8EF30077-FFD1-4BD9-A3AC-F10E72B4F2E1}.Debug|Any CPU.ActiveCfg = Debug|Any CPU
		{8EF30077-FFD1-4BD9-A3AC-F10E72B4F2E1}.Debug|Any CPU.Build.0 = Debug|Any CPU
		{8EF30077-FFD1-4BD9-A3AC-F10E72B4F2E1}.Release|Any CPU.ActiveCfg = Release|Any CPU
		{8EF30077-FFD1-4BD9-A3AC-F10E72B4F2E1}.Release|Any CPU.Build.0 = Release|Any CPU
	EndGlobalSection
	GlobalSection(SolutionProperties) = preSolution
		HideSolutionNode = FALSE
	EndGlobalSection
	GlobalSection(ExtensibilityGlobals) = postSolution
		SolutionGuid = {C7ABA0E8-188E-4931-9537-C93E090BC083}
	EndGlobalSection
EndGlobal
