
Microsoft Visual Studio Solution File, Format Version 12.00
# Visual Studio Version 16
VisualStudioVersion = 16.0.31105.61
MinimumVisualStudioVersion = 10.0.40219.1
Project("{FAE04EC0-301F-11D3-BF4B-00C04F79EFBC}") = "TestConsola", "TestConsola\TestConsola.csproj", "{BC147F8A-DCA4-4802-8F1F-250701A81A6B}"
EndProject
Project("{FAE04EC0-301F-11D3-BF4B-00C04F79EFBC}") = "Archivos", "Archivos\Archivos.csproj", "{0CD22D08-BD7C-407A-9FDC-3FDD76325ED8}"
EndProject
Project("{FAE04EC0-301F-11D3-BF4B-00C04F79EFBC}") = "Excepciones", "Excepciones\Excepciones.csproj", "{A7E677D5-133D-4DE1-AFF3-3B63AC3D6830}"
EndProject
Project("{FAE04EC0-301F-11D3-BF4B-00C04F79EFBC}") = "Fabricacion", "Fabricacion\Fabricacion.csproj", "{9D0388B8-59F2-416B-8C27-F1FCB77C3E29}"
EndProject
Project("{FAE04EC0-301F-11D3-BF4B-00C04F79EFBC}") = "Forms", "Forms\Forms.csproj", "{B2817CF0-2C3D-4072-BC11-77B670F507EA}"
EndProject
Project("{FAE04EC0-301F-11D3-BF4B-00C04F79EFBC}") = "TestsUnitarios", "TestsUnitarios\TestsUnitarios.csproj", "{5E6FB393-F02A-43FC-9000-D0E13D0FB27B}"
EndProject
Global
	GlobalSection(SolutionConfigurationPlatforms) = preSolution
		Debug|Any CPU = Debug|Any CPU
		Release|Any CPU = Release|Any CPU
	EndGlobalSection
	GlobalSection(ProjectConfigurationPlatforms) = postSolution
		{BC147F8A-DCA4-4802-8F1F-250701A81A6B}.Debug|Any CPU.ActiveCfg = Debug|Any CPU
		{BC147F8A-DCA4-4802-8F1F-250701A81A6B}.Debug|Any CPU.Build.0 = Debug|Any CPU
		{BC147F8A-DCA4-4802-8F1F-250701A81A6B}.Release|Any CPU.ActiveCfg = Release|Any CPU
		{BC147F8A-DCA4-4802-8F1F-250701A81A6B}.Release|Any CPU.Build.0 = Release|Any CPU
		{0CD22D08-BD7C-407A-9FDC-3FDD76325ED8}.Debug|Any CPU.ActiveCfg = Debug|Any CPU
		{0CD22D08-BD7C-407A-9FDC-3FDD76325ED8}.Debug|Any CPU.Build.0 = Debug|Any CPU
		{0CD22D08-BD7C-407A-9FDC-3FDD76325ED8}.Release|Any CPU.ActiveCfg = Release|Any CPU
		{0CD22D08-BD7C-407A-9FDC-3FDD76325ED8}.Release|Any CPU.Build.0 = Release|Any CPU
		{A7E677D5-133D-4DE1-AFF3-3B63AC3D6830}.Debug|Any CPU.ActiveCfg = Debug|Any CPU
		{A7E677D5-133D-4DE1-AFF3-3B63AC3D6830}.Debug|Any CPU.Build.0 = Debug|Any CPU
		{A7E677D5-133D-4DE1-AFF3-3B63AC3D6830}.Release|Any CPU.ActiveCfg = Release|Any CPU
		{A7E677D5-133D-4DE1-AFF3-3B63AC3D6830}.Release|Any CPU.Build.0 = Release|Any CPU
		{9D0388B8-59F2-416B-8C27-F1FCB77C3E29}.Debug|Any CPU.ActiveCfg = Debug|Any CPU
		{9D0388B8-59F2-416B-8C27-F1FCB77C3E29}.Debug|Any CPU.Build.0 = Debug|Any CPU
		{9D0388B8-59F2-416B-8C27-F1FCB77C3E29}.Release|Any CPU.ActiveCfg = Release|Any CPU
		{9D0388B8-59F2-416B-8C27-F1FCB77C3E29}.Release|Any CPU.Build.0 = Release|Any CPU
		{B2817CF0-2C3D-4072-BC11-77B670F507EA}.Debug|Any CPU.ActiveCfg = Debug|Any CPU
		{B2817CF0-2C3D-4072-BC11-77B670F507EA}.Debug|Any CPU.Build.0 = Debug|Any CPU
		{B2817CF0-2C3D-4072-BC11-77B670F507EA}.Release|Any CPU.ActiveCfg = Release|Any CPU
		{B2817CF0-2C3D-4072-BC11-77B670F507EA}.Release|Any CPU.Build.0 = Release|Any CPU
		{5E6FB393-F02A-43FC-9000-D0E13D0FB27B}.Debug|Any CPU.ActiveCfg = Debug|Any CPU
		{5E6FB393-F02A-43FC-9000-D0E13D0FB27B}.Debug|Any CPU.Build.0 = Debug|Any CPU
		{5E6FB393-F02A-43FC-9000-D0E13D0FB27B}.Release|Any CPU.ActiveCfg = Release|Any CPU
		{5E6FB393-F02A-43FC-9000-D0E13D0FB27B}.Release|Any CPU.Build.0 = Release|Any CPU
	EndGlobalSection
	GlobalSection(SolutionProperties) = preSolution
		HideSolutionNode = FALSE
	EndGlobalSection
	GlobalSection(ExtensibilityGlobals) = postSolution
		SolutionGuid = {AF333F89-2940-402F-A291-78C7743BD26D}
	EndGlobalSection
EndGlobal
